// !$*UTF8*$!
{
	archiveVersion = 1;
	classes = {
	};
	objectVersion = 56;
	objects = {

/* Begin PBXBuildFile section */
		CE8FC1EE2B02572000EBE442 /* Colors.xcassets in Resources */ = {isa = PBXBuildFile; fileRef = CE8FC1ED2B02572000EBE442 /* Colors.xcassets */; };
		CE8FC1F12B02579800EBE442 /* Icons.xcassets in Resources */ = {isa = PBXBuildFile; fileRef = CE8FC1F02B02579800EBE442 /* Icons.xcassets */; };
		CE8FC1F42B025AEE00EBE442 /* ColorTheme.swift in Sources */ = {isa = PBXBuildFile; fileRef = CE8FC1F32B025AEE00EBE442 /* ColorTheme.swift */; };
		CE8FC1F62B026D6E00EBE442 /* FontTheme.swift in Sources */ = {isa = PBXBuildFile; fileRef = CE8FC1F52B026D6E00EBE442 /* FontTheme.swift */; };
		CE8FC1FA2B0277C800EBE442 /* Doctor.swift in Sources */ = {isa = PBXBuildFile; fileRef = CE8FC1F92B0277C800EBE442 /* Doctor.swift */; };
		CE8FC2072B027DAA00EBE442 /* User.swift in Sources */ = {isa = PBXBuildFile; fileRef = CE8FC2062B027DAA00EBE442 /* User.swift */; };
		CE8FC2092B02812E00EBE442 /* NearDoctorView.swift in Sources */ = {isa = PBXBuildFile; fileRef = CE8FC2082B02812E00EBE442 /* NearDoctorView.swift */; };
		CE8FC20B2B02872F00EBE442 /* CategoryListView.swift in Sources */ = {isa = PBXBuildFile; fileRef = CE8FC20A2B02872F00EBE442 /* CategoryListView.swift */; };
		CE8FC20D2B02874800EBE442 /* Category.swift in Sources */ = {isa = PBXBuildFile; fileRef = CE8FC20C2B02874800EBE442 /* Category.swift */; };
		CEF223072AFFAD5A00FA8DC1 /* SwiftLabEffectiveApp.swift in Sources */ = {isa = PBXBuildFile; fileRef = CEF223062AFFAD5A00FA8DC1 /* SwiftLabEffectiveApp.swift */; };
		CEF223092AFFAD5A00FA8DC1 /* ContentView.swift in Sources */ = {isa = PBXBuildFile; fileRef = CEF223082AFFAD5A00FA8DC1 /* ContentView.swift */; };
		CEF2230B2AFFAD6200FA8DC1 /* Assets.xcassets in Resources */ = {isa = PBXBuildFile; fileRef = CEF2230A2AFFAD6200FA8DC1 /* Assets.xcassets */; };
		CEF2230E2AFFAD6200FA8DC1 /* Preview Assets.xcassets in Resources */ = {isa = PBXBuildFile; fileRef = CEF2230D2AFFAD6200FA8DC1 /* Preview Assets.xcassets */; };
		CEF223182AFFAD6300FA8DC1 /* SwiftLabEffectiveTests.swift in Sources */ = {isa = PBXBuildFile; fileRef = CEF223172AFFAD6300FA8DC1 /* SwiftLabEffectiveTests.swift */; };
		CEF223222AFFAD6300FA8DC1 /* SwiftLabEffectiveUITests.swift in Sources */ = {isa = PBXBuildFile; fileRef = CEF223212AFFAD6300FA8DC1 /* SwiftLabEffectiveUITests.swift */; };
		CEF223242AFFAD6300FA8DC1 /* SwiftLabEffectiveUITestsLaunchTests.swift in Sources */ = {isa = PBXBuildFile; fileRef = CEF223232AFFAD6300FA8DC1 /* SwiftLabEffectiveUITestsLaunchTests.swift */; };
		CEF223322AFFB52D00FA8DC1 /* ViewHome.swift in Sources */ = {isa = PBXBuildFile; fileRef = CEF223312AFFB52D00FA8DC1 /* ViewHome.swift */; };
		CEF223342AFFB55900FA8DC1 /* ViewCalendar.swift in Sources */ = {isa = PBXBuildFile; fileRef = CEF223332AFFB55900FA8DC1 /* ViewCalendar.swift */; };
		CEF223362AFFB56D00FA8DC1 /* ViewMessage.swift in Sources */ = {isa = PBXBuildFile; fileRef = CEF223352AFFB56D00FA8DC1 /* ViewMessage.swift */; };
		CEF223382AFFB57F00FA8DC1 /* ViewProfile.swift in Sources */ = {isa = PBXBuildFile; fileRef = CEF223372AFFB57F00FA8DC1 /* ViewProfile.swift */; };
		CEF2233A2AFFBB8A00FA8DC1 /* CustomTabBar.swift in Sources */ = {isa = PBXBuildFile; fileRef = CEF223392AFFBB8A00FA8DC1 /* CustomTabBar.swift */; };
		CEF223662B00053000FA8DC1 /* Poppins-Italic.ttf in Resources */ = {isa = PBXBuildFile; fileRef = CEF223562B00051900FA8DC1 /* Poppins-Italic.ttf */; };
		CEF223672B00053000FA8DC1 /* Nunito-ExtraBold.ttf in Resources */ = {isa = PBXBuildFile; fileRef = CEF2234F2B0004FF00FA8DC1 /* Nunito-ExtraBold.ttf */; };
		CEF223682B00053000FA8DC1 /* Nunito-Bold.ttf in Resources */ = {isa = PBXBuildFile; fileRef = CEF223502B0004FF00FA8DC1 /* Nunito-Bold.ttf */; };
		CEF223692B00053000FA8DC1 /* Nunito-ExtraLightItalic.ttf in Resources */ = {isa = PBXBuildFile; fileRef = CEF223522B00050000FA8DC1 /* Nunito-ExtraLightItalic.ttf */; };
		CEF2236A2B00053000FA8DC1 /* Nunito-Medium.ttf in Resources */ = {isa = PBXBuildFile; fileRef = CEF2234A2B0004FE00FA8DC1 /* Nunito-Medium.ttf */; };
		CEF2236B2B00053000FA8DC1 /* Nunito-Italic-VariableFont_wght.ttf in Resources */ = {isa = PBXBuildFile; fileRef = CEF223442B0004F000FA8DC1 /* Nunito-Italic-VariableFont_wght.ttf */; };
		CEF2236C2B00053000FA8DC1 /* Nunito-MediumItalic.ttf in Resources */ = {isa = PBXBuildFile; fileRef = CEF2234C2B0004FE00FA8DC1 /* Nunito-MediumItalic.ttf */; };
		CEF2236D2B00053000FA8DC1 /* Nunito-Light.ttf in Resources */ = {isa = PBXBuildFile; fileRef = CEF2234D2B0004FF00FA8DC1 /* Nunito-Light.ttf */; };
		CEF2236E2B00053000FA8DC1 /* Nunito-Black.ttf in Resources */ = {isa = PBXBuildFile; fileRef = CEF223482B0004FE00FA8DC1 /* Nunito-Black.ttf */; };
		CEF2236F2B00053000FA8DC1 /* Poppins-ExtraBold.ttf in Resources */ = {isa = PBXBuildFile; fileRef = CEF223582B00051900FA8DC1 /* Poppins-ExtraBold.ttf */; };
		CEF223702B00053000FA8DC1 /* Poppins-Thin.ttf in Resources */ = {isa = PBXBuildFile; fileRef = CEF223652B00051C00FA8DC1 /* Poppins-Thin.ttf */; };
		CEF223712B00053000FA8DC1 /* Nunito-ExtraLight.ttf in Resources */ = {isa = PBXBuildFile; fileRef = CEF223512B0004FF00FA8DC1 /* Nunito-ExtraLight.ttf */; };
		CEF223722B00053000FA8DC1 /* Poppins-LightItalic.ttf in Resources */ = {isa = PBXBuildFile; fileRef = CEF2235F2B00051A00FA8DC1 /* Poppins-LightItalic.ttf */; };
		CEF223732B00053000FA8DC1 /* Poppins-Light.ttf in Resources */ = {isa = PBXBuildFile; fileRef = CEF223542B00051900FA8DC1 /* Poppins-Light.ttf */; };
		CEF223742B00053000FA8DC1 /* Poppins-MediumItalic.ttf in Resources */ = {isa = PBXBuildFile; fileRef = CEF223572B00051900FA8DC1 /* Poppins-MediumItalic.ttf */; };
		CEF223752B00053000FA8DC1 /* Poppins-ThinItalic.ttf in Resources */ = {isa = PBXBuildFile; fileRef = CEF223622B00051B00FA8DC1 /* Poppins-ThinItalic.ttf */; };
		CEF223762B00053000FA8DC1 /* Nunito-SemiBoldItalic.ttf in Resources */ = {isa = PBXBuildFile; fileRef = CEF2234B2B0004FE00FA8DC1 /* Nunito-SemiBoldItalic.ttf */; };
		CEF223772B00053000FA8DC1 /* Poppins-BoldItalic.ttf in Resources */ = {isa = PBXBuildFile; fileRef = CEF223632B00051B00FA8DC1 /* Poppins-BoldItalic.ttf */; };
		CEF223782B00053000FA8DC1 /* Poppins-ExtraLight.ttf in Resources */ = {isa = PBXBuildFile; fileRef = CEF2235E2B00051A00FA8DC1 /* Poppins-ExtraLight.ttf */; };
		CEF223792B00053000FA8DC1 /* Poppins-Regular.ttf in Resources */ = {isa = PBXBuildFile; fileRef = CEF2235B2B00051A00FA8DC1 /* Poppins-Regular.ttf */; };
		CEF2237A2B00053000FA8DC1 /* Nunito-VariableFont_wght.ttf in Resources */ = {isa = PBXBuildFile; fileRef = CEF223432B0004EF00FA8DC1 /* Nunito-VariableFont_wght.ttf */; };
		CEF2237B2B00053000FA8DC1 /* Nunito-SemiBold.ttf in Resources */ = {isa = PBXBuildFile; fileRef = CEF223532B00050000FA8DC1 /* Nunito-SemiBold.ttf */; };
		CEF2237C2B00053000FA8DC1 /* Poppins-SemiBoldItalic.ttf in Resources */ = {isa = PBXBuildFile; fileRef = CEF2235C2B00051A00FA8DC1 /* Poppins-SemiBoldItalic.ttf */; };
		CEF2237D2B00053000FA8DC1 /* Poppins-ExtraLightItalic.ttf in Resources */ = {isa = PBXBuildFile; fileRef = CEF223592B00051900FA8DC1 /* Poppins-ExtraLightItalic.ttf */; };
		CEF2237E2B00053000FA8DC1 /* Nunito-BlackItalic.ttf in Resources */ = {isa = PBXBuildFile; fileRef = CEF223492B0004FE00FA8DC1 /* Nunito-BlackItalic.ttf */; };
		CEF2237F2B00053000FA8DC1 /* Poppins-BlackItalic.ttf in Resources */ = {isa = PBXBuildFile; fileRef = CEF2235D2B00051A00FA8DC1 /* Poppins-BlackItalic.ttf */; };
		CEF223802B00053000FA8DC1 /* Nunito-ExtraBoldItalic.ttf in Resources */ = {isa = PBXBuildFile; fileRef = CEF2234E2B0004FF00FA8DC1 /* Nunito-ExtraBoldItalic.ttf */; };
		CEF223812B00053000FA8DC1 /* Poppins-Bold.ttf in Resources */ = {isa = PBXBuildFile; fileRef = CEF223612B00051B00FA8DC1 /* Poppins-Bold.ttf */; };
		CEF223822B00053000FA8DC1 /* Nunito-LightItalic.ttf in Resources */ = {isa = PBXBuildFile; fileRef = CEF223472B0004FE00FA8DC1 /* Nunito-LightItalic.ttf */; };
		CEF223832B00053000FA8DC1 /* Poppins-ExtraBoldItalic.ttf in Resources */ = {isa = PBXBuildFile; fileRef = CEF223642B00051B00FA8DC1 /* Poppins-ExtraBoldItalic.ttf */; };
		CEF223842B00053000FA8DC1 /* Poppins-SemiBold.ttf in Resources */ = {isa = PBXBuildFile; fileRef = CEF223552B00051900FA8DC1 /* Poppins-SemiBold.ttf */; };
		CEF223852B00053000FA8DC1 /* Nunito-Regular.ttf in Resources */ = {isa = PBXBuildFile; fileRef = CEF223452B0004FD00FA8DC1 /* Nunito-Regular.ttf */; };
		CEF223862B00053000FA8DC1 /* Nunito-BoldItalic.ttf in Resources */ = {isa = PBXBuildFile; fileRef = CEF223462B0004FD00FA8DC1 /* Nunito-BoldItalic.ttf */; };
		CEF223872B00053000FA8DC1 /* Poppins-Black.ttf in Resources */ = {isa = PBXBuildFile; fileRef = CEF2235A2B00051A00FA8DC1 /* Poppins-Black.ttf */; };
		CEF223882B00053000FA8DC1 /* Poppins-Medium.ttf in Resources */ = {isa = PBXBuildFile; fileRef = CEF223602B00051B00FA8DC1 /* Poppins-Medium.ttf */; };
		CEF2238B2B014CC500FA8DC1 /* CustomTextField.swift in Sources */ = {isa = PBXBuildFile; fileRef = CEF2238A2B014CC500FA8DC1 /* CustomTextField.swift */; };
		CEF2238D2B01541500FA8DC1 /* DoctorCard.swift in Sources */ = {isa = PBXBuildFile; fileRef = CEF2238C2B01541400FA8DC1 /* DoctorCard.swift */; };
		CEF2238F2B01543E00FA8DC1 /* WelcomeView.swift in Sources */ = {isa = PBXBuildFile; fileRef = CEF2238E2B01543E00FA8DC1 /* WelcomeView.swift */; };
		CEF223912B0162F200FA8DC1 /* CategoryView.swift in Sources */ = {isa = PBXBuildFile; fileRef = CEF223902B0162F200FA8DC1 /* CategoryView.swift */; };
		CEF223932B01710400FA8DC1 /* NearDoctorsListView.swift in Sources */ = {isa = PBXBuildFile; fileRef = CEF223922B01710400FA8DC1 /* NearDoctorsListView.swift */; };
/* End PBXBuildFile section */

/* Begin PBXContainerItemProxy section */
		CEF223142AFFAD6300FA8DC1 /* PBXContainerItemProxy */ = {
			isa = PBXContainerItemProxy;
			containerPortal = CEF222FB2AFFAD5A00FA8DC1 /* Project object */;
			proxyType = 1;
			remoteGlobalIDString = CEF223022AFFAD5A00FA8DC1;
			remoteInfo = SwiftLabEffective;
		};
		CEF2231E2AFFAD6300FA8DC1 /* PBXContainerItemProxy */ = {
			isa = PBXContainerItemProxy;
			containerPortal = CEF222FB2AFFAD5A00FA8DC1 /* Project object */;
			proxyType = 1;
			remoteGlobalIDString = CEF223022AFFAD5A00FA8DC1;
			remoteInfo = SwiftLabEffective;
		};
/* End PBXContainerItemProxy section */

/* Begin PBXFileReference section */
		CE8FC1ED2B02572000EBE442 /* Colors.xcassets */ = {isa = PBXFileReference; lastKnownFileType = folder.assetcatalog; path = Colors.xcassets; sourceTree = "<group>"; };
		CE8FC1F02B02579800EBE442 /* Icons.xcassets */ = {isa = PBXFileReference; lastKnownFileType = folder.assetcatalog; path = Icons.xcassets; sourceTree = "<group>"; };
		CE8FC1F32B025AEE00EBE442 /* ColorTheme.swift */ = {isa = PBXFileReference; lastKnownFileType = sourcecode.swift; path = ColorTheme.swift; sourceTree = "<group>"; };
		CE8FC1F52B026D6E00EBE442 /* FontTheme.swift */ = {isa = PBXFileReference; lastKnownFileType = sourcecode.swift; path = FontTheme.swift; sourceTree = "<group>"; };
		CE8FC1F92B0277C800EBE442 /* Doctor.swift */ = {isa = PBXFileReference; lastKnownFileType = sourcecode.swift; path = Doctor.swift; sourceTree = "<group>"; };
		CE8FC2062B027DAA00EBE442 /* User.swift */ = {isa = PBXFileReference; lastKnownFileType = sourcecode.swift; path = User.swift; sourceTree = "<group>"; };
		CE8FC2082B02812E00EBE442 /* NearDoctorView.swift */ = {isa = PBXFileReference; lastKnownFileType = sourcecode.swift; path = NearDoctorView.swift; sourceTree = "<group>"; };
		CE8FC20A2B02872F00EBE442 /* CategoryListView.swift */ = {isa = PBXFileReference; lastKnownFileType = sourcecode.swift; path = CategoryListView.swift; sourceTree = "<group>"; };
		CE8FC20C2B02874800EBE442 /* Category.swift */ = {isa = PBXFileReference; lastKnownFileType = sourcecode.swift; path = Category.swift; sourceTree = "<group>"; };
		CEF223032AFFAD5A00FA8DC1 /* SwiftLabEffective.app */ = {isa = PBXFileReference; explicitFileType = wrapper.application; includeInIndex = 0; path = SwiftLabEffective.app; sourceTree = BUILT_PRODUCTS_DIR; };
		CEF223062AFFAD5A00FA8DC1 /* SwiftLabEffectiveApp.swift */ = {isa = PBXFileReference; lastKnownFileType = sourcecode.swift; path = SwiftLabEffectiveApp.swift; sourceTree = "<group>"; };
		CEF223082AFFAD5A00FA8DC1 /* ContentView.swift */ = {isa = PBXFileReference; lastKnownFileType = sourcecode.swift; path = ContentView.swift; sourceTree = "<group>"; };
		CEF2230A2AFFAD6200FA8DC1 /* Assets.xcassets */ = {isa = PBXFileReference; lastKnownFileType = folder.assetcatalog; path = Assets.xcassets; sourceTree = "<group>"; };
		CEF2230D2AFFAD6200FA8DC1 /* Preview Assets.xcassets */ = {isa = PBXFileReference; lastKnownFileType = folder.assetcatalog; path = "Preview Assets.xcassets"; sourceTree = "<group>"; };
		CEF223132AFFAD6300FA8DC1 /* SwiftLabEffectiveTests.xctest */ = {isa = PBXFileReference; explicitFileType = wrapper.cfbundle; includeInIndex = 0; path = SwiftLabEffectiveTests.xctest; sourceTree = BUILT_PRODUCTS_DIR; };
		CEF223172AFFAD6300FA8DC1 /* SwiftLabEffectiveTests.swift */ = {isa = PBXFileReference; lastKnownFileType = sourcecode.swift; path = SwiftLabEffectiveTests.swift; sourceTree = "<group>"; };
		CEF2231D2AFFAD6300FA8DC1 /* SwiftLabEffectiveUITests.xctest */ = {isa = PBXFileReference; explicitFileType = wrapper.cfbundle; includeInIndex = 0; path = SwiftLabEffectiveUITests.xctest; sourceTree = BUILT_PRODUCTS_DIR; };
		CEF223212AFFAD6300FA8DC1 /* SwiftLabEffectiveUITests.swift */ = {isa = PBXFileReference; lastKnownFileType = sourcecode.swift; path = SwiftLabEffectiveUITests.swift; sourceTree = "<group>"; };
		CEF223232AFFAD6300FA8DC1 /* SwiftLabEffectiveUITestsLaunchTests.swift */ = {isa = PBXFileReference; lastKnownFileType = sourcecode.swift; path = SwiftLabEffectiveUITestsLaunchTests.swift; sourceTree = "<group>"; };
		CEF223312AFFB52D00FA8DC1 /* ViewHome.swift */ = {isa = PBXFileReference; lastKnownFileType = sourcecode.swift; path = ViewHome.swift; sourceTree = "<group>"; };
		CEF223332AFFB55900FA8DC1 /* ViewCalendar.swift */ = {isa = PBXFileReference; lastKnownFileType = sourcecode.swift; path = ViewCalendar.swift; sourceTree = "<group>"; };
		CEF223352AFFB56D00FA8DC1 /* ViewMessage.swift */ = {isa = PBXFileReference; lastKnownFileType = sourcecode.swift; path = ViewMessage.swift; sourceTree = "<group>"; };
		CEF223372AFFB57F00FA8DC1 /* ViewProfile.swift */ = {isa = PBXFileReference; lastKnownFileType = sourcecode.swift; path = ViewProfile.swift; sourceTree = "<group>"; };
		CEF223392AFFBB8A00FA8DC1 /* CustomTabBar.swift */ = {isa = PBXFileReference; lastKnownFileType = sourcecode.swift; path = CustomTabBar.swift; sourceTree = "<group>"; };
		CEF223432B0004EF00FA8DC1 /* Nunito-VariableFont_wght.ttf */ = {isa = PBXFileReference; lastKnownFileType = file; path = "Nunito-VariableFont_wght.ttf"; sourceTree = "<group>"; };
		CEF223442B0004F000FA8DC1 /* Nunito-Italic-VariableFont_wght.ttf */ = {isa = PBXFileReference; lastKnownFileType = file; path = "Nunito-Italic-VariableFont_wght.ttf"; sourceTree = "<group>"; };
		CEF223452B0004FD00FA8DC1 /* Nunito-Regular.ttf */ = {isa = PBXFileReference; lastKnownFileType = file; path = "Nunito-Regular.ttf"; sourceTree = "<group>"; };
		CEF223462B0004FD00FA8DC1 /* Nunito-BoldItalic.ttf */ = {isa = PBXFileReference; lastKnownFileType = file; path = "Nunito-BoldItalic.ttf"; sourceTree = "<group>"; };
		CEF223472B0004FE00FA8DC1 /* Nunito-LightItalic.ttf */ = {isa = PBXFileReference; lastKnownFileType = file; path = "Nunito-LightItalic.ttf"; sourceTree = "<group>"; };
		CEF223482B0004FE00FA8DC1 /* Nunito-Black.ttf */ = {isa = PBXFileReference; lastKnownFileType = file; path = "Nunito-Black.ttf"; sourceTree = "<group>"; };
		CEF223492B0004FE00FA8DC1 /* Nunito-BlackItalic.ttf */ = {isa = PBXFileReference; lastKnownFileType = file; path = "Nunito-BlackItalic.ttf"; sourceTree = "<group>"; };
		CEF2234A2B0004FE00FA8DC1 /* Nunito-Medium.ttf */ = {isa = PBXFileReference; lastKnownFileType = file; path = "Nunito-Medium.ttf"; sourceTree = "<group>"; };
		CEF2234B2B0004FE00FA8DC1 /* Nunito-SemiBoldItalic.ttf */ = {isa = PBXFileReference; lastKnownFileType = file; path = "Nunito-SemiBoldItalic.ttf"; sourceTree = "<group>"; };
		CEF2234C2B0004FE00FA8DC1 /* Nunito-MediumItalic.ttf */ = {isa = PBXFileReference; lastKnownFileType = file; path = "Nunito-MediumItalic.ttf"; sourceTree = "<group>"; };
		CEF2234D2B0004FF00FA8DC1 /* Nunito-Light.ttf */ = {isa = PBXFileReference; lastKnownFileType = file; path = "Nunito-Light.ttf"; sourceTree = "<group>"; };
		CEF2234E2B0004FF00FA8DC1 /* Nunito-ExtraBoldItalic.ttf */ = {isa = PBXFileReference; lastKnownFileType = file; path = "Nunito-ExtraBoldItalic.ttf"; sourceTree = "<group>"; };
		CEF2234F2B0004FF00FA8DC1 /* Nunito-ExtraBold.ttf */ = {isa = PBXFileReference; lastKnownFileType = file; path = "Nunito-ExtraBold.ttf"; sourceTree = "<group>"; };
		CEF223502B0004FF00FA8DC1 /* Nunito-Bold.ttf */ = {isa = PBXFileReference; lastKnownFileType = file; path = "Nunito-Bold.ttf"; sourceTree = "<group>"; };
		CEF223512B0004FF00FA8DC1 /* Nunito-ExtraLight.ttf */ = {isa = PBXFileReference; lastKnownFileType = file; path = "Nunito-ExtraLight.ttf"; sourceTree = "<group>"; };
		CEF223522B00050000FA8DC1 /* Nunito-ExtraLightItalic.ttf */ = {isa = PBXFileReference; lastKnownFileType = file; path = "Nunito-ExtraLightItalic.ttf"; sourceTree = "<group>"; };
		CEF223532B00050000FA8DC1 /* Nunito-SemiBold.ttf */ = {isa = PBXFileReference; lastKnownFileType = file; path = "Nunito-SemiBold.ttf"; sourceTree = "<group>"; };
		CEF223542B00051900FA8DC1 /* Poppins-Light.ttf */ = {isa = PBXFileReference; lastKnownFileType = file; path = "Poppins-Light.ttf"; sourceTree = "<group>"; };
		CEF223552B00051900FA8DC1 /* Poppins-SemiBold.ttf */ = {isa = PBXFileReference; lastKnownFileType = file; path = "Poppins-SemiBold.ttf"; sourceTree = "<group>"; };
		CEF223562B00051900FA8DC1 /* Poppins-Italic.ttf */ = {isa = PBXFileReference; lastKnownFileType = file; path = "Poppins-Italic.ttf"; sourceTree = "<group>"; };
		CEF223572B00051900FA8DC1 /* Poppins-MediumItalic.ttf */ = {isa = PBXFileReference; lastKnownFileType = file; path = "Poppins-MediumItalic.ttf"; sourceTree = "<group>"; };
		CEF223582B00051900FA8DC1 /* Poppins-ExtraBold.ttf */ = {isa = PBXFileReference; lastKnownFileType = file; path = "Poppins-ExtraBold.ttf"; sourceTree = "<group>"; };
		CEF223592B00051900FA8DC1 /* Poppins-ExtraLightItalic.ttf */ = {isa = PBXFileReference; lastKnownFileType = file; path = "Poppins-ExtraLightItalic.ttf"; sourceTree = "<group>"; };
		CEF2235A2B00051A00FA8DC1 /* Poppins-Black.ttf */ = {isa = PBXFileReference; lastKnownFileType = file; path = "Poppins-Black.ttf"; sourceTree = "<group>"; };
		CEF2235B2B00051A00FA8DC1 /* Poppins-Regular.ttf */ = {isa = PBXFileReference; lastKnownFileType = file; path = "Poppins-Regular.ttf"; sourceTree = "<group>"; };
		CEF2235C2B00051A00FA8DC1 /* Poppins-SemiBoldItalic.ttf */ = {isa = PBXFileReference; lastKnownFileType = file; path = "Poppins-SemiBoldItalic.ttf"; sourceTree = "<group>"; };
		CEF2235D2B00051A00FA8DC1 /* Poppins-BlackItalic.ttf */ = {isa = PBXFileReference; lastKnownFileType = file; path = "Poppins-BlackItalic.ttf"; sourceTree = "<group>"; };
		CEF2235E2B00051A00FA8DC1 /* Poppins-ExtraLight.ttf */ = {isa = PBXFileReference; lastKnownFileType = file; path = "Poppins-ExtraLight.ttf"; sourceTree = "<group>"; };
		CEF2235F2B00051A00FA8DC1 /* Poppins-LightItalic.ttf */ = {isa = PBXFileReference; lastKnownFileType = file; path = "Poppins-LightItalic.ttf"; sourceTree = "<group>"; };
		CEF223602B00051B00FA8DC1 /* Poppins-Medium.ttf */ = {isa = PBXFileReference; lastKnownFileType = file; path = "Poppins-Medium.ttf"; sourceTree = "<group>"; };
		CEF223612B00051B00FA8DC1 /* Poppins-Bold.ttf */ = {isa = PBXFileReference; lastKnownFileType = file; path = "Poppins-Bold.ttf"; sourceTree = "<group>"; };
		CEF223622B00051B00FA8DC1 /* Poppins-ThinItalic.ttf */ = {isa = PBXFileReference; lastKnownFileType = file; path = "Poppins-ThinItalic.ttf"; sourceTree = "<group>"; };
		CEF223632B00051B00FA8DC1 /* Poppins-BoldItalic.ttf */ = {isa = PBXFileReference; lastKnownFileType = file; path = "Poppins-BoldItalic.ttf"; sourceTree = "<group>"; };
		CEF223642B00051B00FA8DC1 /* Poppins-ExtraBoldItalic.ttf */ = {isa = PBXFileReference; lastKnownFileType = file; path = "Poppins-ExtraBoldItalic.ttf"; sourceTree = "<group>"; };
		CEF223652B00051C00FA8DC1 /* Poppins-Thin.ttf */ = {isa = PBXFileReference; lastKnownFileType = file; path = "Poppins-Thin.ttf"; sourceTree = "<group>"; };
		CEF223892B00066000FA8DC1 /* Info.plist */ = {isa = PBXFileReference; lastKnownFileType = text.plist; path = Info.plist; sourceTree = "<group>"; };
		CEF2238A2B014CC500FA8DC1 /* CustomTextField.swift */ = {isa = PBXFileReference; lastKnownFileType = sourcecode.swift; path = CustomTextField.swift; sourceTree = "<group>"; };
		CEF2238C2B01541400FA8DC1 /* DoctorCard.swift */ = {isa = PBXFileReference; lastKnownFileType = sourcecode.swift; path = DoctorCard.swift; sourceTree = "<group>"; };
		CEF2238E2B01543E00FA8DC1 /* WelcomeView.swift */ = {isa = PBXFileReference; lastKnownFileType = sourcecode.swift; path = WelcomeView.swift; sourceTree = "<group>"; };
		CEF223902B0162F200FA8DC1 /* CategoryView.swift */ = {isa = PBXFileReference; lastKnownFileType = sourcecode.swift; path = CategoryView.swift; sourceTree = "<group>"; };
		CEF223922B01710400FA8DC1 /* NearDoctorsListView.swift */ = {isa = PBXFileReference; lastKnownFileType = sourcecode.swift; path = NearDoctorsListView.swift; sourceTree = "<group>"; };
/* End PBXFileReference section */

/* Begin PBXFrameworksBuildPhase section */
		CEF223002AFFAD5A00FA8DC1 /* Frameworks */ = {
			isa = PBXFrameworksBuildPhase;
			buildActionMask = 2147483647;
			files = (
			);
			runOnlyForDeploymentPostprocessing = 0;
		};
		CEF223102AFFAD6300FA8DC1 /* Frameworks */ = {
			isa = PBXFrameworksBuildPhase;
			buildActionMask = 2147483647;
			files = (
			);
			runOnlyForDeploymentPostprocessing = 0;
		};
		CEF2231A2AFFAD6300FA8DC1 /* Frameworks */ = {
			isa = PBXFrameworksBuildPhase;
			buildActionMask = 2147483647;
			files = (
			);
			runOnlyForDeploymentPostprocessing = 0;
		};
/* End PBXFrameworksBuildPhase section */

/* Begin PBXGroup section */
		CE8FC1EF2B02573000EBE442 /* Assets */ = {
			isa = PBXGroup;
			children = (
				CE8FC1ED2B02572000EBE442 /* Colors.xcassets */,
				CEF2230A2AFFAD6200FA8DC1 /* Assets.xcassets */,
				CE8FC1F02B02579800EBE442 /* Icons.xcassets */,
			);
			path = Assets;
			sourceTree = "<group>";
		};
		CE8FC1F22B025AC000EBE442 /* Theme */ = {
			isa = PBXGroup;
			children = (
				CE8FC1F32B025AEE00EBE442 /* ColorTheme.swift */,
				CE8FC1F52B026D6E00EBE442 /* FontTheme.swift */,
			);
			path = Theme;
			sourceTree = "<group>";
		};
		CE8FC1F72B02762200EBE442 /* Screens */ = {
			isa = PBXGroup;
			children = (
				CEF223082AFFAD5A00FA8DC1 /* ContentView.swift */,
				CEF223312AFFB52D00FA8DC1 /* ViewHome.swift */,
				CEF223332AFFB55900FA8DC1 /* ViewCalendar.swift */,
				CEF223352AFFB56D00FA8DC1 /* ViewMessage.swift */,
				CEF223372AFFB57F00FA8DC1 /* ViewProfile.swift */,
			);
			path = Screens;
			sourceTree = "<group>";
		};
		CE8FC1F82B02771F00EBE442 /* Models */ = {
			isa = PBXGroup;
			children = (
				CE8FC1F92B0277C800EBE442 /* Doctor.swift */,
				CE8FC2062B027DAA00EBE442 /* User.swift */,
				CE8FC20C2B02874800EBE442 /* Category.swift */,
			);
			path = Models;
			sourceTree = "<group>";
		};
		CEF222FA2AFFAD5A00FA8DC1 = {
			isa = PBXGroup;
			children = (
				CEF223052AFFAD5A00FA8DC1 /* SwiftLabEffective */,
				CEF223162AFFAD6300FA8DC1 /* SwiftLabEffectiveTests */,
				CEF223202AFFAD6300FA8DC1 /* SwiftLabEffectiveUITests */,
				CEF223042AFFAD5A00FA8DC1 /* Products */,
			);
			sourceTree = "<group>";
		};
		CEF223042AFFAD5A00FA8DC1 /* Products */ = {
			isa = PBXGroup;
			children = (
				CEF223032AFFAD5A00FA8DC1 /* SwiftLabEffective.app */,
				CEF223132AFFAD6300FA8DC1 /* SwiftLabEffectiveTests.xctest */,
				CEF2231D2AFFAD6300FA8DC1 /* SwiftLabEffectiveUITests.xctest */,
			);
			name = Products;
			sourceTree = "<group>";
		};
		CEF223052AFFAD5A00FA8DC1 /* SwiftLabEffective */ = {
			isa = PBXGroup;
			children = (
				CE8FC1F82B02771F00EBE442 /* Models */,
				CE8FC1F72B02762200EBE442 /* Screens */,
				CE8FC1EF2B02573000EBE442 /* Assets */,
				CEF223892B00066000FA8DC1 /* Info.plist */,
				CE8FC1F22B025AC000EBE442 /* Theme */,
				CEF2233C2B00010B00FA8DC1 /* Fonts */,
				CEF223302AFFB4E400FA8DC1 /* Views */,
				CEF223062AFFAD5A00FA8DC1 /* SwiftLabEffectiveApp.swift */,
				CEF2230C2AFFAD6200FA8DC1 /* Preview Content */,
			);
			path = SwiftLabEffective;
			sourceTree = "<group>";
		};
		CEF2230C2AFFAD6200FA8DC1 /* Preview Content */ = {
			isa = PBXGroup;
			children = (
				CEF2230D2AFFAD6200FA8DC1 /* Preview Assets.xcassets */,
			);
			path = "Preview Content";
			sourceTree = "<group>";
		};
		CEF223162AFFAD6300FA8DC1 /* SwiftLabEffectiveTests */ = {
			isa = PBXGroup;
			children = (
				CEF223172AFFAD6300FA8DC1 /* SwiftLabEffectiveTests.swift */,
			);
			path = SwiftLabEffectiveTests;
			sourceTree = "<group>";
		};
		CEF223202AFFAD6300FA8DC1 /* SwiftLabEffectiveUITests */ = {
			isa = PBXGroup;
			children = (
				CEF223212AFFAD6300FA8DC1 /* SwiftLabEffectiveUITests.swift */,
				CEF223232AFFAD6300FA8DC1 /* SwiftLabEffectiveUITestsLaunchTests.swift */,
			);
			path = SwiftLabEffectiveUITests;
			sourceTree = "<group>";
		};
		CEF223302AFFB4E400FA8DC1 /* Views */ = {
			isa = PBXGroup;
			children = (
				CEF223392AFFBB8A00FA8DC1 /* CustomTabBar.swift */,
				CEF2238A2B014CC500FA8DC1 /* CustomTextField.swift */,
				CEF2238C2B01541400FA8DC1 /* DoctorCard.swift */,
				CEF2238E2B01543E00FA8DC1 /* WelcomeView.swift */,
				CEF223902B0162F200FA8DC1 /* CategoryView.swift */,
				CE8FC20A2B02872F00EBE442 /* CategoryListView.swift */,
				CEF223922B01710400FA8DC1 /* NearDoctorsListView.swift */,
				CE8FC2082B02812E00EBE442 /* NearDoctorView.swift */,
			);
			path = Views;
			sourceTree = "<group>";
		};
		CEF2233C2B00010B00FA8DC1 /* Fonts */ = {
			isa = PBXGroup;
			children = (
				CEF223482B0004FE00FA8DC1 /* Nunito-Black.ttf */,
				CEF223492B0004FE00FA8DC1 /* Nunito-BlackItalic.ttf */,
				CEF223502B0004FF00FA8DC1 /* Nunito-Bold.ttf */,
				CEF223462B0004FD00FA8DC1 /* Nunito-BoldItalic.ttf */,
				CEF2234F2B0004FF00FA8DC1 /* Nunito-ExtraBold.ttf */,
				CEF2234E2B0004FF00FA8DC1 /* Nunito-ExtraBoldItalic.ttf */,
				CEF223512B0004FF00FA8DC1 /* Nunito-ExtraLight.ttf */,
				CEF223522B00050000FA8DC1 /* Nunito-ExtraLightItalic.ttf */,
				CEF2234D2B0004FF00FA8DC1 /* Nunito-Light.ttf */,
				CEF223472B0004FE00FA8DC1 /* Nunito-LightItalic.ttf */,
				CEF2234A2B0004FE00FA8DC1 /* Nunito-Medium.ttf */,
				CEF2234C2B0004FE00FA8DC1 /* Nunito-MediumItalic.ttf */,
				CEF223452B0004FD00FA8DC1 /* Nunito-Regular.ttf */,
				CEF223532B00050000FA8DC1 /* Nunito-SemiBold.ttf */,
				CEF2234B2B0004FE00FA8DC1 /* Nunito-SemiBoldItalic.ttf */,
				CEF223442B0004F000FA8DC1 /* Nunito-Italic-VariableFont_wght.ttf */,
				CEF223432B0004EF00FA8DC1 /* Nunito-VariableFont_wght.ttf */,
				CEF2235A2B00051A00FA8DC1 /* Poppins-Black.ttf */,
				CEF2235D2B00051A00FA8DC1 /* Poppins-BlackItalic.ttf */,
				CEF223612B00051B00FA8DC1 /* Poppins-Bold.ttf */,
				CEF223632B00051B00FA8DC1 /* Poppins-BoldItalic.ttf */,
				CEF223582B00051900FA8DC1 /* Poppins-ExtraBold.ttf */,
				CEF223642B00051B00FA8DC1 /* Poppins-ExtraBoldItalic.ttf */,
				CEF2235E2B00051A00FA8DC1 /* Poppins-ExtraLight.ttf */,
				CEF223592B00051900FA8DC1 /* Poppins-ExtraLightItalic.ttf */,
				CEF223562B00051900FA8DC1 /* Poppins-Italic.ttf */,
				CEF223542B00051900FA8DC1 /* Poppins-Light.ttf */,
				CEF2235F2B00051A00FA8DC1 /* Poppins-LightItalic.ttf */,
				CEF223602B00051B00FA8DC1 /* Poppins-Medium.ttf */,
				CEF223572B00051900FA8DC1 /* Poppins-MediumItalic.ttf */,
				CEF2235B2B00051A00FA8DC1 /* Poppins-Regular.ttf */,
				CEF223552B00051900FA8DC1 /* Poppins-SemiBold.ttf */,
				CEF2235C2B00051A00FA8DC1 /* Poppins-SemiBoldItalic.ttf */,
				CEF223652B00051C00FA8DC1 /* Poppins-Thin.ttf */,
				CEF223622B00051B00FA8DC1 /* Poppins-ThinItalic.ttf */,
			);
			path = Fonts;
			sourceTree = "<group>";
		};
/* End PBXGroup section */

/* Begin PBXNativeTarget section */
		CEF223022AFFAD5A00FA8DC1 /* SwiftLabEffective */ = {
			isa = PBXNativeTarget;
			buildConfigurationList = CEF223272AFFAD6300FA8DC1 /* Build configuration list for PBXNativeTarget "SwiftLabEffective" */;
			buildPhases = (
				CEF222FF2AFFAD5A00FA8DC1 /* Sources */,
				CEF223002AFFAD5A00FA8DC1 /* Frameworks */,
				CEF223012AFFAD5A00FA8DC1 /* Resources */,
			);
			buildRules = (
			);
			dependencies = (
			);
			name = SwiftLabEffective;
			productName = SwiftLabEffective;
			productReference = CEF223032AFFAD5A00FA8DC1 /* SwiftLabEffective.app */;
			productType = "com.apple.product-type.application";
		};
		CEF223122AFFAD6300FA8DC1 /* SwiftLabEffectiveTests */ = {
			isa = PBXNativeTarget;
			buildConfigurationList = CEF2232A2AFFAD6300FA8DC1 /* Build configuration list for PBXNativeTarget "SwiftLabEffectiveTests" */;
			buildPhases = (
				CEF2230F2AFFAD6300FA8DC1 /* Sources */,
				CEF223102AFFAD6300FA8DC1 /* Frameworks */,
				CEF223112AFFAD6300FA8DC1 /* Resources */,
			);
			buildRules = (
			);
			dependencies = (
				CEF223152AFFAD6300FA8DC1 /* PBXTargetDependency */,
			);
			name = SwiftLabEffectiveTests;
			productName = SwiftLabEffectiveTests;
			productReference = CEF223132AFFAD6300FA8DC1 /* SwiftLabEffectiveTests.xctest */;
			productType = "com.apple.product-type.bundle.unit-test";
		};
		CEF2231C2AFFAD6300FA8DC1 /* SwiftLabEffectiveUITests */ = {
			isa = PBXNativeTarget;
			buildConfigurationList = CEF2232D2AFFAD6300FA8DC1 /* Build configuration list for PBXNativeTarget "SwiftLabEffectiveUITests" */;
			buildPhases = (
				CEF223192AFFAD6300FA8DC1 /* Sources */,
				CEF2231A2AFFAD6300FA8DC1 /* Frameworks */,
				CEF2231B2AFFAD6300FA8DC1 /* Resources */,
			);
			buildRules = (
			);
			dependencies = (
				CEF2231F2AFFAD6300FA8DC1 /* PBXTargetDependency */,
			);
			name = SwiftLabEffectiveUITests;
			productName = SwiftLabEffectiveUITests;
			productReference = CEF2231D2AFFAD6300FA8DC1 /* SwiftLabEffectiveUITests.xctest */;
			productType = "com.apple.product-type.bundle.ui-testing";
		};
/* End PBXNativeTarget section */

/* Begin PBXProject section */
		CEF222FB2AFFAD5A00FA8DC1 /* Project object */ = {
			isa = PBXProject;
			attributes = {
				BuildIndependentTargetsInParallel = 1;
				LastSwiftUpdateCheck = 1500;
				LastUpgradeCheck = 1500;
				TargetAttributes = {
					CEF223022AFFAD5A00FA8DC1 = {
						CreatedOnToolsVersion = 15.0.1;
					};
					CEF223122AFFAD6300FA8DC1 = {
						CreatedOnToolsVersion = 15.0.1;
						TestTargetID = CEF223022AFFAD5A00FA8DC1;
					};
					CEF2231C2AFFAD6300FA8DC1 = {
						CreatedOnToolsVersion = 15.0.1;
						TestTargetID = CEF223022AFFAD5A00FA8DC1;
					};
				};
			};
			buildConfigurationList = CEF222FE2AFFAD5A00FA8DC1 /* Build configuration list for PBXProject "SwiftLabEffective" */;
			compatibilityVersion = "Xcode 14.0";
			developmentRegion = en;
			hasScannedForEncodings = 0;
			knownRegions = (
				en,
				Base,
			);
			mainGroup = CEF222FA2AFFAD5A00FA8DC1;
			productRefGroup = CEF223042AFFAD5A00FA8DC1 /* Products */;
			projectDirPath = "";
			projectRoot = "";
			targets = (
				CEF223022AFFAD5A00FA8DC1 /* SwiftLabEffective */,
				CEF223122AFFAD6300FA8DC1 /* SwiftLabEffectiveTests */,
				CEF2231C2AFFAD6300FA8DC1 /* SwiftLabEffectiveUITests */,
			);
		};
/* End PBXProject section */

/* Begin PBXResourcesBuildPhase section */
		CEF223012AFFAD5A00FA8DC1 /* Resources */ = {
			isa = PBXResourcesBuildPhase;
			buildActionMask = 2147483647;
			files = (
				CEF2236A2B00053000FA8DC1 /* Nunito-Medium.ttf in Resources */,
				CEF223732B00053000FA8DC1 /* Poppins-Light.ttf in Resources */,
				CEF223702B00053000FA8DC1 /* Poppins-Thin.ttf in Resources */,
				CEF2237C2B00053000FA8DC1 /* Poppins-SemiBoldItalic.ttf in Resources */,
				CEF223692B00053000FA8DC1 /* Nunito-ExtraLightItalic.ttf in Resources */,
				CEF2237B2B00053000FA8DC1 /* Nunito-SemiBold.ttf in Resources */,
				CEF223832B00053000FA8DC1 /* Poppins-ExtraBoldItalic.ttf in Resources */,
				CE8FC1F12B02579800EBE442 /* Icons.xcassets in Resources */,
				CEF2237E2B00053000FA8DC1 /* Nunito-BlackItalic.ttf in Resources */,
				CEF2230E2AFFAD6200FA8DC1 /* Preview Assets.xcassets in Resources */,
				CEF2236D2B00053000FA8DC1 /* Nunito-Light.ttf in Resources */,
				CEF223822B00053000FA8DC1 /* Nunito-LightItalic.ttf in Resources */,
				CEF223742B00053000FA8DC1 /* Poppins-MediumItalic.ttf in Resources */,
				CEF223802B00053000FA8DC1 /* Nunito-ExtraBoldItalic.ttf in Resources */,
				CEF223762B00053000FA8DC1 /* Nunito-SemiBoldItalic.ttf in Resources */,
				CEF223772B00053000FA8DC1 /* Poppins-BoldItalic.ttf in Resources */,
				CEF2237D2B00053000FA8DC1 /* Poppins-ExtraLightItalic.ttf in Resources */,
				CEF223872B00053000FA8DC1 /* Poppins-Black.ttf in Resources */,
				CEF223672B00053000FA8DC1 /* Nunito-ExtraBold.ttf in Resources */,
				CEF223812B00053000FA8DC1 /* Poppins-Bold.ttf in Resources */,
				CEF223722B00053000FA8DC1 /* Poppins-LightItalic.ttf in Resources */,
				CEF223662B00053000FA8DC1 /* Poppins-Italic.ttf in Resources */,
				CEF223682B00053000FA8DC1 /* Nunito-Bold.ttf in Resources */,
				CEF223712B00053000FA8DC1 /* Nunito-ExtraLight.ttf in Resources */,
				CEF2237F2B00053000FA8DC1 /* Poppins-BlackItalic.ttf in Resources */,
				CEF2236B2B00053000FA8DC1 /* Nunito-Italic-VariableFont_wght.ttf in Resources */,
				CEF223852B00053000FA8DC1 /* Nunito-Regular.ttf in Resources */,
				CEF2237A2B00053000FA8DC1 /* Nunito-VariableFont_wght.ttf in Resources */,
				CEF2236C2B00053000FA8DC1 /* Nunito-MediumItalic.ttf in Resources */,
				CEF2230B2AFFAD6200FA8DC1 /* Assets.xcassets in Resources */,
				CEF223782B00053000FA8DC1 /* Poppins-ExtraLight.ttf in Resources */,
				CEF223862B00053000FA8DC1 /* Nunito-BoldItalic.ttf in Resources */,
				CE8FC1EE2B02572000EBE442 /* Colors.xcassets in Resources */,
				CEF2236E2B00053000FA8DC1 /* Nunito-Black.ttf in Resources */,
				CEF223882B00053000FA8DC1 /* Poppins-Medium.ttf in Resources */,
				CEF223752B00053000FA8DC1 /* Poppins-ThinItalic.ttf in Resources */,
				CEF2236F2B00053000FA8DC1 /* Poppins-ExtraBold.ttf in Resources */,
				CEF223792B00053000FA8DC1 /* Poppins-Regular.ttf in Resources */,
				CEF223842B00053000FA8DC1 /* Poppins-SemiBold.ttf in Resources */,
			);
			runOnlyForDeploymentPostprocessing = 0;
		};
		CEF223112AFFAD6300FA8DC1 /* Resources */ = {
			isa = PBXResourcesBuildPhase;
			buildActionMask = 2147483647;
			files = (
			);
			runOnlyForDeploymentPostprocessing = 0;
		};
		CEF2231B2AFFAD6300FA8DC1 /* Resources */ = {
			isa = PBXResourcesBuildPhase;
			buildActionMask = 2147483647;
			files = (
			);
			runOnlyForDeploymentPostprocessing = 0;
		};
/* End PBXResourcesBuildPhase section */

/* Begin PBXSourcesBuildPhase section */
		CEF222FF2AFFAD5A00FA8DC1 /* Sources */ = {
			isa = PBXSourcesBuildPhase;
			buildActionMask = 2147483647;
			files = (
				CEF223362AFFB56D00FA8DC1 /* ViewMessage.swift in Sources */,
				CEF2238D2B01541500FA8DC1 /* DoctorCard.swift in Sources */,
				CE8FC20D2B02874800EBE442 /* Category.swift in Sources */,
				CE8FC2092B02812E00EBE442 /* NearDoctorView.swift in Sources */,
				CEF223092AFFAD5A00FA8DC1 /* ContentView.swift in Sources */,
				CEF2233A2AFFBB8A00FA8DC1 /* CustomTabBar.swift in Sources */,
				CE8FC2072B027DAA00EBE442 /* User.swift in Sources */,
				CEF223382AFFB57F00FA8DC1 /* ViewProfile.swift in Sources */,
				CE8FC1F42B025AEE00EBE442 /* ColorTheme.swift in Sources */,
				CEF223912B0162F200FA8DC1 /* CategoryView.swift in Sources */,
				CEF2238F2B01543E00FA8DC1 /* WelcomeView.swift in Sources */,
				CE8FC1F62B026D6E00EBE442 /* FontTheme.swift in Sources */,
				CEF223932B01710400FA8DC1 /* NearDoctorsListView.swift in Sources */,
				CE8FC20B2B02872F00EBE442 /* CategoryListView.swift in Sources */,
				CEF2238B2B014CC500FA8DC1 /* CustomTextField.swift in Sources */,
				CE8FC1FA2B0277C800EBE442 /* Doctor.swift in Sources */,
				CEF223072AFFAD5A00FA8DC1 /* SwiftLabEffectiveApp.swift in Sources */,
				CEF223342AFFB55900FA8DC1 /* ViewCalendar.swift in Sources */,
				CEF223322AFFB52D00FA8DC1 /* ViewHome.swift in Sources */,
			);
			runOnlyForDeploymentPostprocessing = 0;
		};
		CEF2230F2AFFAD6300FA8DC1 /* Sources */ = {
			isa = PBXSourcesBuildPhase;
			buildActionMask = 2147483647;
			files = (
				CEF223182AFFAD6300FA8DC1 /* SwiftLabEffectiveTests.swift in Sources */,
			);
			runOnlyForDeploymentPostprocessing = 0;
		};
		CEF223192AFFAD6300FA8DC1 /* Sources */ = {
			isa = PBXSourcesBuildPhase;
			buildActionMask = 2147483647;
			files = (
				CEF223242AFFAD6300FA8DC1 /* SwiftLabEffectiveUITestsLaunchTests.swift in Sources */,
				CEF223222AFFAD6300FA8DC1 /* SwiftLabEffectiveUITests.swift in Sources */,
			);
			runOnlyForDeploymentPostprocessing = 0;
		};
/* End PBXSourcesBuildPhase section */

/* Begin PBXTargetDependency section */
		CEF223152AFFAD6300FA8DC1 /* PBXTargetDependency */ = {
			isa = PBXTargetDependency;
			target = CEF223022AFFAD5A00FA8DC1 /* SwiftLabEffective */;
			targetProxy = CEF223142AFFAD6300FA8DC1 /* PBXContainerItemProxy */;
		};
		CEF2231F2AFFAD6300FA8DC1 /* PBXTargetDependency */ = {
			isa = PBXTargetDependency;
			target = CEF223022AFFAD5A00FA8DC1 /* SwiftLabEffective */;
			targetProxy = CEF2231E2AFFAD6300FA8DC1 /* PBXContainerItemProxy */;
		};
/* End PBXTargetDependency section */

/* Begin XCBuildConfiguration section */
		CEF223252AFFAD6300FA8DC1 /* Debug */ = {
			isa = XCBuildConfiguration;
			buildSettings = {
				ALWAYS_SEARCH_USER_PATHS = NO;
				ASSETCATALOG_COMPILER_GENERATE_SWIFT_ASSET_SYMBOL_EXTENSIONS = YES;
				CLANG_ANALYZER_NONNULL = YES;
				CLANG_ANALYZER_NUMBER_OBJECT_CONVERSION = YES_AGGRESSIVE;
				CLANG_CXX_LANGUAGE_STANDARD = "gnu++20";
				CLANG_ENABLE_MODULES = YES;
				CLANG_ENABLE_OBJC_ARC = YES;
				CLANG_ENABLE_OBJC_WEAK = YES;
				CLANG_WARN_BLOCK_CAPTURE_AUTORELEASING = YES;
				CLANG_WARN_BOOL_CONVERSION = YES;
				CLANG_WARN_COMMA = YES;
				CLANG_WARN_CONSTANT_CONVERSION = YES;
				CLANG_WARN_DEPRECATED_OBJC_IMPLEMENTATIONS = YES;
				CLANG_WARN_DIRECT_OBJC_ISA_USAGE = YES_ERROR;
				CLANG_WARN_DOCUMENTATION_COMMENTS = YES;
				CLANG_WARN_EMPTY_BODY = YES;
				CLANG_WARN_ENUM_CONVERSION = YES;
				CLANG_WARN_INFINITE_RECURSION = YES;
				CLANG_WARN_INT_CONVERSION = YES;
				CLANG_WARN_NON_LITERAL_NULL_CONVERSION = YES;
				CLANG_WARN_OBJC_IMPLICIT_RETAIN_SELF = YES;
				CLANG_WARN_OBJC_LITERAL_CONVERSION = YES;
				CLANG_WARN_OBJC_ROOT_CLASS = YES_ERROR;
				CLANG_WARN_QUOTED_INCLUDE_IN_FRAMEWORK_HEADER = YES;
				CLANG_WARN_RANGE_LOOP_ANALYSIS = YES;
				CLANG_WARN_STRICT_PROTOTYPES = YES;
				CLANG_WARN_SUSPICIOUS_MOVE = YES;
				CLANG_WARN_UNGUARDED_AVAILABILITY = YES_AGGRESSIVE;
				CLANG_WARN_UNREACHABLE_CODE = YES;
				CLANG_WARN__DUPLICATE_METHOD_MATCH = YES;
				COPY_PHASE_STRIP = NO;
				DEBUG_INFORMATION_FORMAT = dwarf;
				ENABLE_STRICT_OBJC_MSGSEND = YES;
				ENABLE_TESTABILITY = YES;
				ENABLE_USER_SCRIPT_SANDBOXING = YES;
				GCC_C_LANGUAGE_STANDARD = gnu17;
				GCC_DYNAMIC_NO_PIC = NO;
				GCC_NO_COMMON_BLOCKS = YES;
				GCC_OPTIMIZATION_LEVEL = 0;
				GCC_PREPROCESSOR_DEFINITIONS = (
					"DEBUG=1",
					"$(inherited)",
				);
				GCC_WARN_64_TO_32_BIT_CONVERSION = YES;
				GCC_WARN_ABOUT_RETURN_TYPE = YES_ERROR;
				GCC_WARN_UNDECLARED_SELECTOR = YES;
				GCC_WARN_UNINITIALIZED_AUTOS = YES_AGGRESSIVE;
				GCC_WARN_UNUSED_FUNCTION = YES;
				GCC_WARN_UNUSED_VARIABLE = YES;
				IPHONEOS_DEPLOYMENT_TARGET = 17.0;
				LOCALIZATION_PREFERS_STRING_CATALOGS = YES;
				MTL_ENABLE_DEBUG_INFO = INCLUDE_SOURCE;
				MTL_FAST_MATH = YES;
				ONLY_ACTIVE_ARCH = YES;
				SDKROOT = iphoneos;
				SWIFT_ACTIVE_COMPILATION_CONDITIONS = "DEBUG $(inherited)";
				SWIFT_OPTIMIZATION_LEVEL = "-Onone";
			};
			name = Debug;
		};
		CEF223262AFFAD6300FA8DC1 /* Release */ = {
			isa = XCBuildConfiguration;
			buildSettings = {
				ALWAYS_SEARCH_USER_PATHS = NO;
				ASSETCATALOG_COMPILER_GENERATE_SWIFT_ASSET_SYMBOL_EXTENSIONS = YES;
				CLANG_ANALYZER_NONNULL = YES;
				CLANG_ANALYZER_NUMBER_OBJECT_CONVERSION = YES_AGGRESSIVE;
				CLANG_CXX_LANGUAGE_STANDARD = "gnu++20";
				CLANG_ENABLE_MODULES = YES;
				CLANG_ENABLE_OBJC_ARC = YES;
				CLANG_ENABLE_OBJC_WEAK = YES;
				CLANG_WARN_BLOCK_CAPTURE_AUTORELEASING = YES;
				CLANG_WARN_BOOL_CONVERSION = YES;
				CLANG_WARN_COMMA = YES;
				CLANG_WARN_CONSTANT_CONVERSION = YES;
				CLANG_WARN_DEPRECATED_OBJC_IMPLEMENTATIONS = YES;
				CLANG_WARN_DIRECT_OBJC_ISA_USAGE = YES_ERROR;
				CLANG_WARN_DOCUMENTATION_COMMENTS = YES;
				CLANG_WARN_EMPTY_BODY = YES;
				CLANG_WARN_ENUM_CONVERSION = YES;
				CLANG_WARN_INFINITE_RECURSION = YES;
				CLANG_WARN_INT_CONVERSION = YES;
				CLANG_WARN_NON_LITERAL_NULL_CONVERSION = YES;
				CLANG_WARN_OBJC_IMPLICIT_RETAIN_SELF = YES;
				CLANG_WARN_OBJC_LITERAL_CONVERSION = YES;
				CLANG_WARN_OBJC_ROOT_CLASS = YES_ERROR;
				CLANG_WARN_QUOTED_INCLUDE_IN_FRAMEWORK_HEADER = YES;
				CLANG_WARN_RANGE_LOOP_ANALYSIS = YES;
				CLANG_WARN_STRICT_PROTOTYPES = YES;
				CLANG_WARN_SUSPICIOUS_MOVE = YES;
				CLANG_WARN_UNGUARDED_AVAILABILITY = YES_AGGRESSIVE;
				CLANG_WARN_UNREACHABLE_CODE = YES;
				CLANG_WARN__DUPLICATE_METHOD_MATCH = YES;
				COPY_PHASE_STRIP = NO;
				DEBUG_INFORMATION_FORMAT = "dwarf-with-dsym";
				ENABLE_NS_ASSERTIONS = NO;
				ENABLE_STRICT_OBJC_MSGSEND = YES;
				ENABLE_USER_SCRIPT_SANDBOXING = YES;
				GCC_C_LANGUAGE_STANDARD = gnu17;
				GCC_NO_COMMON_BLOCKS = YES;
				GCC_WARN_64_TO_32_BIT_CONVERSION = YES;
				GCC_WARN_ABOUT_RETURN_TYPE = YES_ERROR;
				GCC_WARN_UNDECLARED_SELECTOR = YES;
				GCC_WARN_UNINITIALIZED_AUTOS = YES_AGGRESSIVE;
				GCC_WARN_UNUSED_FUNCTION = YES;
				GCC_WARN_UNUSED_VARIABLE = YES;
				IPHONEOS_DEPLOYMENT_TARGET = 17.0;
				LOCALIZATION_PREFERS_STRING_CATALOGS = YES;
				MTL_ENABLE_DEBUG_INFO = NO;
				MTL_FAST_MATH = YES;
				SDKROOT = iphoneos;
				SWIFT_COMPILATION_MODE = wholemodule;
				VALIDATE_PRODUCT = YES;
			};
			name = Release;
		};
		CEF223282AFFAD6300FA8DC1 /* Debug */ = {
			isa = XCBuildConfiguration;
			buildSettings = {
				ASSETCATALOG_COMPILER_APPICON_NAME = AppIcon;
				ASSETCATALOG_COMPILER_GLOBAL_ACCENT_COLOR_NAME = AccentColor;
				CODE_SIGN_STYLE = Automatic;
				CURRENT_PROJECT_VERSION = 1;
				DEVELOPMENT_ASSET_PATHS = "\"SwiftLabEffective/Preview Content\"";
				ENABLE_PREVIEWS = YES;
				GENERATE_INFOPLIST_FILE = YES;
				INFOPLIST_FILE = SwiftLabEffective/Info.plist;
				INFOPLIST_KEY_UIApplicationSceneManifest_Generation = YES;
				INFOPLIST_KEY_UIApplicationSupportsIndirectInputEvents = YES;
				INFOPLIST_KEY_UILaunchScreen_Generation = YES;
				INFOPLIST_KEY_UISupportedInterfaceOrientations_iPad = "UIInterfaceOrientationPortrait UIInterfaceOrientationPortraitUpsideDown UIInterfaceOrientationLandscapeLeft UIInterfaceOrientationLandscapeRight";
				INFOPLIST_KEY_UISupportedInterfaceOrientations_iPhone = "UIInterfaceOrientationPortrait UIInterfaceOrientationLandscapeLeft UIInterfaceOrientationLandscapeRight";
				LD_RUNPATH_SEARCH_PATHS = (
					"$(inherited)",
					"@executable_path/Frameworks",
				);
				MARKETING_VERSION = 1.0;
				PRODUCT_BUNDLE_IDENTIFIER = devoyt.SwiftLabEffective;
				PRODUCT_NAME = "$(TARGET_NAME)";
				SWIFT_EMIT_LOC_STRINGS = YES;
				SWIFT_VERSION = 5.0;
				TARGETED_DEVICE_FAMILY = "1,2";
			};
			name = Debug;
		};
		CEF223292AFFAD6300FA8DC1 /* Release */ = {
			isa = XCBuildConfiguration;
			buildSettings = {
				ASSETCATALOG_COMPILER_APPICON_NAME = AppIcon;
				ASSETCATALOG_COMPILER_GLOBAL_ACCENT_COLOR_NAME = AccentColor;
				CODE_SIGN_STYLE = Automatic;
				CURRENT_PROJECT_VERSION = 1;
				DEVELOPMENT_ASSET_PATHS = "\"SwiftLabEffective/Preview Content\"";
				ENABLE_PREVIEWS = YES;
				GENERATE_INFOPLIST_FILE = YES;
				INFOPLIST_FILE = SwiftLabEffective/Info.plist;
				INFOPLIST_KEY_UIApplicationSceneManifest_Generation = YES;
				INFOPLIST_KEY_UIApplicationSupportsIndirectInputEvents = YES;
				INFOPLIST_KEY_UILaunchScreen_Generation = YES;
				INFOPLIST_KEY_UISupportedInterfaceOrientations_iPad = "UIInterfaceOrientationPortrait UIInterfaceOrientationPortraitUpsideDown UIInterfaceOrientationLandscapeLeft UIInterfaceOrientationLandscapeRight";
				INFOPLIST_KEY_UISupportedInterfaceOrientations_iPhone = "UIInterfaceOrientationPortrait UIInterfaceOrientationLandscapeLeft UIInterfaceOrientationLandscapeRight";
				LD_RUNPATH_SEARCH_PATHS = (
					"$(inherited)",
					"@executable_path/Frameworks",
				);
				MARKETING_VERSION = 1.0;
				PRODUCT_BUNDLE_IDENTIFIER = devoyt.SwiftLabEffective;
				PRODUCT_NAME = "$(TARGET_NAME)";
				SWIFT_EMIT_LOC_STRINGS = YES;
				SWIFT_VERSION = 5.0;
				TARGETED_DEVICE_FAMILY = "1,2";
			};
			name = Release;
		};
		CEF2232B2AFFAD6300FA8DC1 /* Debug */ = {
			isa = XCBuildConfiguration;
			buildSettings = {
				ALWAYS_EMBED_SWIFT_STANDARD_LIBRARIES = YES;
				BUNDLE_LOADER = "$(TEST_HOST)";
				CODE_SIGN_STYLE = Automatic;
				CURRENT_PROJECT_VERSION = 1;
				GENERATE_INFOPLIST_FILE = YES;
				IPHONEOS_DEPLOYMENT_TARGET = 17.0;
				MARKETING_VERSION = 1.0;
				PRODUCT_BUNDLE_IDENTIFIER = devoyt.SwiftLabEffectiveTests;
				PRODUCT_NAME = "$(TARGET_NAME)";
				SWIFT_EMIT_LOC_STRINGS = NO;
				SWIFT_VERSION = 5.0;
				TARGETED_DEVICE_FAMILY = "1,2";
				TEST_HOST = "$(BUILT_PRODUCTS_DIR)/SwiftLabEffective.app/$(BUNDLE_EXECUTABLE_FOLDER_PATH)/SwiftLabEffective";
			};
			name = Debug;
		};
		CEF2232C2AFFAD6300FA8DC1 /* Release */ = {
			isa = XCBuildConfiguration;
			buildSettings = {
				ALWAYS_EMBED_SWIFT_STANDARD_LIBRARIES = YES;
				BUNDLE_LOADER = "$(TEST_HOST)";
				CODE_SIGN_STYLE = Automatic;
				CURRENT_PROJECT_VERSION = 1;
				GENERATE_INFOPLIST_FILE = YES;
				IPHONEOS_DEPLOYMENT_TARGET = 17.0;
				MARKETING_VERSION = 1.0;
				PRODUCT_BUNDLE_IDENTIFIER = devoyt.SwiftLabEffectiveTests;
				PRODUCT_NAME = "$(TARGET_NAME)";
				SWIFT_EMIT_LOC_STRINGS = NO;
				SWIFT_VERSION = 5.0;
				TARGETED_DEVICE_FAMILY = "1,2";
				TEST_HOST = "$(BUILT_PRODUCTS_DIR)/SwiftLabEffective.app/$(BUNDLE_EXECUTABLE_FOLDER_PATH)/SwiftLabEffective";
			};
			name = Release;
		};
		CEF2232E2AFFAD6300FA8DC1 /* Debug */ = {
			isa = XCBuildConfiguration;
			buildSettings = {
				ALWAYS_EMBED_SWIFT_STANDARD_LIBRARIES = YES;
				CODE_SIGN_STYLE = Automatic;
				CURRENT_PROJECT_VERSION = 1;
				GENERATE_INFOPLIST_FILE = YES;
				MARKETING_VERSION = 1.0;
				PRODUCT_BUNDLE_IDENTIFIER = devoyt.SwiftLabEffectiveUITests;
				PRODUCT_NAME = "$(TARGET_NAME)";
				SWIFT_EMIT_LOC_STRINGS = NO;
				SWIFT_VERSION = 5.0;
				TARGETED_DEVICE_FAMILY = "1,2";
				TEST_TARGET_NAME = SwiftLabEffective;
			};
			name = Debug;
		};
		CEF2232F2AFFAD6300FA8DC1 /* Release */ = {
			isa = XCBuildConfiguration;
			buildSettings = {
				ALWAYS_EMBED_SWIFT_STANDARD_LIBRARIES = YES;
				CODE_SIGN_STYLE = Automatic;
				CURRENT_PROJECT_VERSION = 1;
				GENERATE_INFOPLIST_FILE = YES;
				MARKETING_VERSION = 1.0;
				PRODUCT_BUNDLE_IDENTIFIER = devoyt.SwiftLabEffectiveUITests;
				PRODUCT_NAME = "$(TARGET_NAME)";
				SWIFT_EMIT_LOC_STRINGS = NO;
				SWIFT_VERSION = 5.0;
				TARGETED_DEVICE_FAMILY = "1,2";
				TEST_TARGET_NAME = SwiftLabEffective;
			};
			name = Release;
		};
/* End XCBuildConfiguration section */

/* Begin XCConfigurationList section */
		CEF222FE2AFFAD5A00FA8DC1 /* Build configuration list for PBXProject "SwiftLabEffective" */ = {
			isa = XCConfigurationList;
			buildConfigurations = (
				CEF223252AFFAD6300FA8DC1 /* Debug */,
				CEF223262AFFAD6300FA8DC1 /* Release */,
			);
			defaultConfigurationIsVisible = 0;
			defaultConfigurationName = Release;
		};
		CEF223272AFFAD6300FA8DC1 /* Build configuration list for PBXNativeTarget "SwiftLabEffective" */ = {
			isa = XCConfigurationList;
			buildConfigurations = (
				CEF223282AFFAD6300FA8DC1 /* Debug */,
				CEF223292AFFAD6300FA8DC1 /* Release */,
			);
			defaultConfigurationIsVisible = 0;
			defaultConfigurationName = Release;
		};
		CEF2232A2AFFAD6300FA8DC1 /* Build configuration list for PBXNativeTarget "SwiftLabEffectiveTests" */ = {
			isa = XCConfigurationList;
			buildConfigurations = (
				CEF2232B2AFFAD6300FA8DC1 /* Debug */,
				CEF2232C2AFFAD6300FA8DC1 /* Release */,
			);
			defaultConfigurationIsVisible = 0;
			defaultConfigurationName = Release;
		};
		CEF2232D2AFFAD6300FA8DC1 /* Build configuration list for PBXNativeTarget "SwiftLabEffectiveUITests" */ = {
			isa = XCConfigurationList;
			buildConfigurations = (
				CEF2232E2AFFAD6300FA8DC1 /* Debug */,
				CEF2232F2AFFAD6300FA8DC1 /* Release */,
			);
			defaultConfigurationIsVisible = 0;
			defaultConfigurationName = Release;
		};
/* End XCConfigurationList section */
	};
	rootObject = CEF222FB2AFFAD5A00FA8DC1 /* Project object */;
}
